// !$*UTF8*$!
{
	archiveVersion = 1;
	classes = {
	};
	objectVersion = 48;
	objects = {

/* Begin PBXBuildFile section */
		D3470D79200A9F05008D0DF7 /* AppDelegate.swift in Sources */ = {isa = PBXBuildFile; fileRef = D3470D78200A9F05008D0DF7 /* AppDelegate.swift */; };
		D3470D7B200A9F05008D0DF7 /* ViewController.swift in Sources */ = {isa = PBXBuildFile; fileRef = D3470D7A200A9F05008D0DF7 /* ViewController.swift */; };
		D3470D7E200A9F05008D0DF7 /* Main.storyboard in Resources */ = {isa = PBXBuildFile; fileRef = D3470D7C200A9F05008D0DF7 /* Main.storyboard */; };
		D3470D80200A9F05008D0DF7 /* Assets.xcassets in Resources */ = {isa = PBXBuildFile; fileRef = D3470D7F200A9F05008D0DF7 /* Assets.xcassets */; };
		D3470D83200A9F05008D0DF7 /* LaunchScreen.storyboard in Resources */ = {isa = PBXBuildFile; fileRef = D3470D81200A9F05008D0DF7 /* LaunchScreen.storyboard */; };
		D3C83E99200BF32000E80A1A /* Concentration.swift in Sources */ = {isa = PBXBuildFile; fileRef = D3C83E98200BF32000E80A1A /* Concentration.swift */; };
		D3C83E9B200BF3C500E80A1A /* Card.swift in Sources */ = {isa = PBXBuildFile; fileRef = D3C83E9A200BF3C500E80A1A /* Card.swift */; };
/* End PBXBuildFile section */

/* Begin PBXFileReference section */
		D3470D75200A9F04008D0DF7 /* Concentration.app */ = {isa = PBXFileReference; explicitFileType = wrapper.application; includeInIndex = 0; path = Concentration.app; sourceTree = BUILT_PRODUCTS_DIR; };
		D3470D78200A9F05008D0DF7 /* AppDelegate.swift */ = {isa = PBXFileReference; lastKnownFileType = sourcecode.swift; path = AppDelegate.swift; sourceTree = "<group>"; };
		D3470D7A200A9F05008D0DF7 /* ViewController.swift */ = {isa = PBXFileReference; lastKnownFileType = sourcecode.swift; path = ViewController.swift; sourceTree = "<group>"; };
		D3470D7D200A9F05008D0DF7 /* Base */ = {isa = PBXFileReference; lastKnownFileType = file.storyboard; name = Base; path = Base.lproj/Main.storyboard; sourceTree = "<group>"; };
		D3470D7F200A9F05008D0DF7 /* Assets.xcassets */ = {isa = PBXFileReference; lastKnownFileType = folder.assetcatalog; path = Assets.xcassets; sourceTree = "<group>"; };
		D3470D82200A9F05008D0DF7 /* Base */ = {isa = PBXFileReference; lastKnownFileType = file.storyboard; name = Base; path = Base.lproj/LaunchScreen.storyboard; sourceTree = "<group>"; };
		D3470D84200A9F05008D0DF7 /* Info.plist */ = {isa = PBXFileReference; lastKnownFileType = text.plist.xml; path = Info.plist; sourceTree = "<group>"; };
		D3C83E98200BF32000E80A1A /* Concentration.swift */ = {isa = PBXFileReference; lastKnownFileType = sourcecode.swift; path = Concentration.swift; sourceTree = "<group>"; };
		D3C83E9A200BF3C500E80A1A /* Card.swift */ = {isa = PBXFileReference; lastKnownFileType = sourcecode.swift; path = Card.swift; sourceTree = "<group>"; };
/* End PBXFileReference section */

/* Begin PBXFrameworksBuildPhase section */
		D3470D72200A9F04008D0DF7 /* Frameworks */ = {
			isa = PBXFrameworksBuildPhase;
			buildActionMask = 2147483647;
			files = (
			);
			runOnlyForDeploymentPostprocessing = 0;
		};
/* End PBXFrameworksBuildPhase section */

/* Begin PBXGroup section */
		D3080371200E1D2E007C01FB /* Model */ = {
			isa = PBXGroup;
			children = (
				D3C83E98200BF32000E80A1A /* Concentration.swift */,
				D3C83E9A200BF3C500E80A1A /* Card.swift */,
			);
			path = Model;
			sourceTree = "<group>";
		};
		D3080372200E1D4A007C01FB /* Controller */ = {
			isa = PBXGroup;
			children = (
				D3470D7A200A9F05008D0DF7 /* ViewController.swift */,
			);
			path = Controller;
			sourceTree = "<group>";
		};
		D3080373200E1D57007C01FB /* View */ = {
			isa = PBXGroup;
			children = (
				D3470D7C200A9F05008D0DF7 /* Main.storyboard */,
			);
			path = View;
			sourceTree = "<group>";
		};
		D3470D6C200A9F04008D0DF7 = {
			isa = PBXGroup;
			children = (
				D3470D77200A9F04008D0DF7 /* Concentration */,
				D3470D76200A9F04008D0DF7 /* Products */,
			);
			sourceTree = "<group>";
		};
		D3470D76200A9F04008D0DF7 /* Products */ = {
			isa = PBXGroup;
			children = (
				D3470D75200A9F04008D0DF7 /* Concentration.app */,
			);
			name = Products;
			sourceTree = "<group>";
		};
		D3470D77200A9F04008D0DF7 /* Concentration */ = {
			isa = PBXGroup;
			children = (
				D3080371200E1D2E007C01FB /* Model */,
				D3080372200E1D4A007C01FB /* Controller */,
				D3080373200E1D57007C01FB /* View */,
				D3470D8B200AB3E8008D0DF7 /* Supporting Files */,
				D3470D84200A9F05008D0DF7 /* Info.plist */,
			);
			path = Concentration;
			sourceTree = "<group>";
		};
		D3470D8B200AB3E8008D0DF7 /* Supporting Files */ = {
			isa = PBXGroup;
			children = (
				D3470D78200A9F05008D0DF7 /* AppDelegate.swift */,
				D3470D7F200A9F05008D0DF7 /* Assets.xcassets */,
				D3470D81200A9F05008D0DF7 /* LaunchScreen.storyboard */,
			);
			path = "Supporting Files";
			sourceTree = "<group>";
		};
/* End PBXGroup section */

/* Begin PBXNativeTarget section */
		D3470D74200A9F04008D0DF7 /* Concentration */ = {
			isa = PBXNativeTarget;
			buildConfigurationList = D3470D87200A9F05008D0DF7 /* Build configuration list for PBXNativeTarget "Concentration" */;
			buildPhases = (
				D3470D71200A9F04008D0DF7 /* Sources */,
				D3470D72200A9F04008D0DF7 /* Frameworks */,
				D3470D73200A9F04008D0DF7 /* Resources */,
			);
			buildRules = (
			);
			dependencies = (
			);
			name = Concentration;
			productName = Concentration;
			productReference = D3470D75200A9F04008D0DF7 /* Concentration.app */;
			productType = "com.apple.product-type.application";
		};
/* End PBXNativeTarget section */

/* Begin PBXProject section */
		D3470D6D200A9F04008D0DF7 /* Project object */ = {
			isa = PBXProject;
			attributes = {
				LastSwiftUpdateCheck = 0920;
				LastUpgradeCheck = 0920;
				ORGANIZATIONNAME = "Fulda University Of Applied Sciences";
				TargetAttributes = {
					D3470D74200A9F04008D0DF7 = {
						CreatedOnToolsVersion = 9.2;
						ProvisioningStyle = Automatic;
					};
				};
			};
			buildConfigurationList = D3470D70200A9F04008D0DF7 /* Build configuration list for PBXProject "Concentration" */;
			compatibilityVersion = "Xcode 8.0";
			developmentRegion = en;
			hasScannedForEncodings = 0;
			knownRegions = (
				en,
				Base,
			);
			mainGroup = D3470D6C200A9F04008D0DF7;
			productRefGroup = D3470D76200A9F04008D0DF7 /* Products */;
			projectDirPath = "";
			projectRoot = "";
			targets = (
				D3470D74200A9F04008D0DF7 /* Concentration */,
			);
		};
/* End PBXProject section */

/* Begin PBXResourcesBuildPhase section */
		D3470D73200A9F04008D0DF7 /* Resources */ = {
			isa = PBXResourcesBuildPhase;
			buildActionMask = 2147483647;
			files = (
				D3470D83200A9F05008D0DF7 /* LaunchScreen.storyboard in Resources */,
				D3470D80200A9F05008D0DF7 /* Assets.xcassets in Resources */,
				D3470D7E200A9F05008D0DF7 /* Main.storyboard in Resources */,
			);
			runOnlyForDeploymentPostprocessing = 0;
		};
/* End PBXResourcesBuildPhase section */

/* Begin PBXSourcesBuildPhase section */
		D3470D71200A9F04008D0DF7 /* Sources */ = {
			isa = PBXSourcesBuildPhase;
			buildActionMask = 2147483647;
			files = (
				D3470D7B200A9F05008D0DF7 /* ViewController.swift in Sources */,
				D3470D79200A9F05008D0DF7 /* AppDelegate.swift in Sources */,
				D3C83E99200BF32000E80A1A /* Concentration.swift in Sources */,
				D3C83E9B200BF3C500E80A1A /* Card.swift in Sources */,
			);
			runOnlyForDeploymentPostprocessing = 0;
		};
/* End PBXSourcesBuildPhase section */

/* Begin PBXVariantGroup section */
		D3470D7C200A9F05008D0DF7 /* Main.storyboard */ = {
			isa = PBXVariantGroup;
			children = (
				D3470D7D200A9F05008D0DF7 /* Base */,
			);
			name = Main.storyboard;
			sourceTree = "<group>";
		};
		D3470D81200A9F05008D0DF7 /* LaunchScreen.storyboard */ = {
			isa = PBXVariantGroup;
			children = (
				D3470D82200A9F05008D0DF7 /* Base */,
			);
			name = LaunchScreen.storyboard;
			sourceTree = "<group>";
		};
/* End PBXVariantGroup section */

/* Begin XCBuildConfiguration section */
		D3470D85200A9F05008D0DF7 /* Debug */ = {
			isa = XCBuildConfiguration;
			buildSettings = {
				ALWAYS_SEARCH_USER_PATHS = NO;
				CLANG_ANALYZER_NONNULL = YES;
				CLANG_ANALYZER_NUMBER_OBJECT_CONVERSION = YES_AGGRESSIVE;
				CLANG_CXX_LANGUAGE_STANDARD = "gnu++14";
				CLANG_CXX_LIBRARY = "libc++";
				CLANG_ENABLE_MODULES = YES;
				CLANG_ENABLE_OBJC_ARC = YES;
				CLANG_WARN_BLOCK_CAPTURE_AUTORELEASING = YES;
				CLANG_WARN_BOOL_CONVERSION = YES;
				CLANG_WARN_COMMA = YES;
				CLANG_WARN_CONSTANT_CONVERSION = YES;
				CLANG_WARN_DIRECT_OBJC_ISA_USAGE = YES_ERROR;
				CLANG_WARN_DOCUMENTATION_COMMENTS = YES;
				CLANG_WARN_EMPTY_BODY = YES;
				CLANG_WARN_ENUM_CONVERSION = YES;
				CLANG_WARN_INFINITE_RECURSION = YES;
				CLANG_WARN_INT_CONVERSION = YES;
				CLANG_WARN_NON_LITERAL_NULL_CONVERSION = YES;
				CLANG_WARN_OBJC_LITERAL_CONVERSION = YES;
				CLANG_WARN_OBJC_ROOT_CLASS = YES_ERROR;
				CLANG_WARN_RANGE_LOOP_ANALYSIS = YES;
				CLANG_WARN_STRICT_PROTOTYPES = YES;
				CLANG_WARN_SUSPICIOUS_MOVE = YES;
				CLANG_WARN_UNGUARDED_AVAILABILITY = YES_AGGRESSIVE;
				CLANG_WARN_UNREACHABLE_CODE = YES;
				CLANG_WARN__DUPLICATE_METHOD_MATCH = YES;
				CODE_SIGN_IDENTITY = "iPhone Developer";
				COPY_PHASE_STRIP = NO;
				DEBUG_INFORMATION_FORMAT = dwarf;
				ENABLE_STRICT_OBJC_MSGSEND = YES;
				ENABLE_TESTABILITY = YES;
				GCC_C_LANGUAGE_STANDARD = gnu11;
				GCC_DYNAMIC_NO_PIC = NO;
				GCC_NO_COMMON_BLOCKS = YES;
				GCC_OPTIMIZATION_LEVEL = 0;
				GCC_PREPROCESSOR_DEFINITIONS = (
					"DEBUG=1",
					"$(inherited)",
				);
				GCC_WARN_64_TO_32_BIT_CONVERSION = YES;
				GCC_WARN_ABOUT_RETURN_TYPE = YES_ERROR;
				GCC_WARN_UNDECLARED_SELECTOR = YES;
				GCC_WARN_UNINITIALIZED_AUTOS = YES_AGGRESSIVE;
				GCC_WARN_UNUSED_FUNCTION = YES;
				GCC_WARN_UNUSED_VARIABLE = YES;
				IPHONEOS_DEPLOYMENT_TARGET = 11.2;
				MTL_ENABLE_DEBUG_INFO = YES;
				ONLY_ACTIVE_ARCH = YES;
				SDKROOT = iphoneos;
				SWIFT_ACTIVE_COMPILATION_CONDITIONS = DEBUG;
				SWIFT_OPTIMIZATION_LEVEL = "-Onone";
			};
			name = Debug;
		};
		D3470D86200A9F05008D0DF7 /* Release */ = {
			isa = XCBuildConfiguration;
			buildSettings = {
				ALWAYS_SEARCH_USER_PATHS = NO;
				CLANG_ANALYZER_NONNULL = YES;
				CLANG_ANALYZER_NUMBER_OBJECT_CONVERSION = YES_AGGRESSIVE;
				CLANG_CXX_LANGUAGE_STANDARD = "gnu++14";
				CLANG_CXX_LIBRARY = "libc++";
				CLANG_ENABLE_MODULES = YES;
				CLANG_ENABLE_OBJC_ARC = YES;
				CLANG_WARN_BLOCK_CAPTURE_AUTORELEASING = YES;
				CLANG_WARN_BOOL_CONVERSION = YES;
				CLANG_WARN_COMMA = YES;
				CLANG_WARN_CONSTANT_CONVERSION = YES;
				CLANG_WARN_DIRECT_OBJC_ISA_USAGE = YES_ERROR;
				CLANG_WARN_DOCUMENTATION_COMMENTS = YES;
				CLANG_WARN_EMPTY_BODY = YES;
				CLANG_WARN_ENUM_CONVERSION = YES;
				CLANG_WARN_INFINITE_RECURSION = YES;
				CLANG_WARN_INT_CONVERSION = YES;
				CLANG_WARN_NON_LITERAL_NULL_CONVERSION = YES;
				CLANG_WARN_OBJC_LITERAL_CONVERSION = YES;
				CLANG_WARN_OBJC_ROOT_CLASS = YES_ERROR;
				CLANG_WARN_RANGE_LOOP_ANALYSIS = YES;
				CLANG_WARN_STRICT_PROTOTYPES = YES;
				CLANG_WARN_SUSPICIOUS_MOVE = YES;
				CLANG_WARN_UNGUARDED_AVAILABILITY = YES_AGGRESSIVE;
				CLANG_WARN_UNREACHABLE_CODE = YES;
				CLANG_WARN__DUPLICATE_METHOD_MATCH = YES;
				CODE_SIGN_IDENTITY = "iPhone Developer";
				COPY_PHASE_STRIP = NO;
				DEBUG_INFORMATION_FORMAT = "dwarf-with-dsym";
				ENABLE_NS_ASSERTIONS = NO;
				ENABLE_STRICT_OBJC_MSGSEND = YES;
				GCC_C_LANGUAGE_STANDARD = gnu11;
				GCC_NO_COMMON_BLOCKS = YES;
				GCC_WARN_64_TO_32_BIT_CONVERSION = YES;
				GCC_WARN_ABOUT_RETURN_TYPE = YES_ERROR;
				GCC_WARN_UNDECLARED_SELECTOR = YES;
				GCC_WARN_UNINITIALIZED_AUTOS = YES_AGGRESSIVE;
				GCC_WARN_UNUSED_FUNCTION = YES;
				GCC_WARN_UNUSED_VARIABLE = YES;
				IPHONEOS_DEPLOYMENT_TARGET = 11.2;
				MTL_ENABLE_DEBUG_INFO = NO;
				SDKROOT = iphoneos;
				SWIFT_OPTIMIZATION_LEVEL = "-Owholemodule";
				VALIDATE_PRODUCT = YES;
			};
			name = Release;
		};
		D3470D88200A9F05008D0DF7 /* Debug */ = {
			isa = XCBuildConfiguration;
			buildSettings = {
				ASSETCATALOG_COMPILER_APPICON_NAME = AppIcon;
				CODE_SIGN_STYLE = Automatic;
				DEVELOPMENT_TEAM = FF6XMVP65Y;
				INFOPLIST_FILE = Concentration/Info.plist;
				LD_RUNPATH_SEARCH_PATHS = "$(inherited) @executable_path/Frameworks";
				PRODUCT_BUNDLE_IDENTIFIER = "hs-fulda.Concentration";
				PRODUCT_NAME = "$(TARGET_NAME)";
				SWIFT_VERSION = 4.0;
				TARGETED_DEVICE_FAMILY = "1,2";
			};
			name = Debug;
		};
		D3470D89200A9F05008D0DF7 /* Release */ = {
			isa = XCBuildConfiguration;
			buildSettings = {
				ASSETCATALOG_COMPILER_APPICON_NAME = AppIcon;
				CODE_SIGN_STYLE = Automatic;
				DEVELOPMENT_TEAM = FF6XMVP65Y;
				INFOPLIST_FILE = Concentration/Info.plist;
				LD_RUNPATH_SEARCH_PATHS = "$(inherited) @executable_path/Frameworks";
				PRODUCT_BUNDLE_IDENTIFIER = "hs-fulda.Concentration";
				PRODUCT_NAME = "$(TARGET_NAME)";
				SWIFT_VERSION = 4.0;
				TARGETED_DEVICE_FAMILY = "1,2";
			};
			name = Release;
		};
/* End XCBuildConfiguration section */

/* Begin XCConfigurationList section */
		D3470D70200A9F04008D0DF7 /* Build configuration list for PBXProject "Concentration" */ = {
			isa = XCConfigurationList;
			buildConfigurations = (
				D3470D85200A9F05008D0DF7 /* Debug */,
				D3470D86200A9F05008D0DF7 /* Release */,
			);
			defaultConfigurationIsVisible = 0;
			defaultConfigurationName = Release;
		};
		D3470D87200A9F05008D0DF7 /* Build configuration list for PBXNativeTarget "Concentration" */ = {
			isa = XCConfigurationList;
			buildConfigurations = (
				D3470D88200A9F05008D0DF7 /* Debug */,
				D3470D89200A9F05008D0DF7 /* Release */,
			);
			defaultConfigurationIsVisible = 0;
			defaultConfigurationName = Release;
		};
/* End XCConfigurationList section */
	};
	rootObject = D3470D6D200A9F04008D0DF7 /* Project object */;
}
